
Microsoft Visual Studio Solution File, Format Version 12.00
# Visual Studio Version 16
VisualStudioVersion = 16.0.31613.86
MinimumVisualStudioVersion = 10.0.40219.1
Project("{FAE04EC0-301F-11D3-BF4B-00C04F79EFBC}") = "Project_XML01", "Project_XML01\Project_XML01.csproj", "{D3C39D0E-2AAF-4E1C-B084-C02249592CA7}"
EndProject
Global
	GlobalSection(SolutionConfigurationPlatforms) = preSolution
		Debug|Any CPU = Debug|Any CPU
		Release|Any CPU = Release|Any CPU
	EndGlobalSection
	GlobalSection(ProjectConfigurationPlatforms) = postSolution
		{D3C39D0E-2AAF-4E1C-B084-C02249592CA7}.Debug|Any CPU.ActiveCfg = Debug|Any CPU
		{D3C39D0E-2AAF-4E1C-B084-C02249592CA7}.Debug|Any CPU.Build.0 = Debug|Any CPU
		{D3C39D0E-2AAF-4E1C-B084-C02249592CA7}.Release|Any CPU.ActiveCfg = Release|Any CPU
		{D3C39D0E-2AAF-4E1C-B084-C02249592CA7}.Release|Any CPU.Build.0 = Release|Any CPU
	EndGlobalSection
	GlobalSection(SolutionProperties) = preSolution
		HideSolutionNode = FALSE
	EndGlobalSection
	GlobalSection(ExtensibilityGlobals) = postSolution
		SolutionGuid = {CAD4FA7D-C38E-4CD0-9B1A-F6A17276DB35}
	EndGlobalSection
EndGlobal
